// !$*UTF8*$!
{
	archiveVersion = 1;
	classes = {
	};
	objectVersion = 50;
	objects = {

/* Begin PBXBuildFile section */
		1906ED41218889E800B6426C /* NoteTableViewController.swift in Sources */ = {isa = PBXBuildFile; fileRef = 1906ED40218889E800B6426C /* NoteTableViewController.swift */; };
		1906ED4321888A0F00B6426C /* NoteTableViewControllerTests.swift in Sources */ = {isa = PBXBuildFile; fileRef = 1906ED4221888A0F00B6426C /* NoteTableViewControllerTests.swift */; };
		1906ED4521888D6B00B6426C /* NoteTableInteractor.swift in Sources */ = {isa = PBXBuildFile; fileRef = 1906ED4421888D6B00B6426C /* NoteTableInteractor.swift */; };
		1906ED4721888D8300B6426C /* NoteTableInteractorTests.swift in Sources */ = {isa = PBXBuildFile; fileRef = 1906ED4621888D8300B6426C /* NoteTableInteractorTests.swift */; };
		1906ED492188A15C00B6426C /* NoteCellView.swift in Sources */ = {isa = PBXBuildFile; fileRef = 1906ED482188A15C00B6426C /* NoteCellView.swift */; };
		190BEB2A217F804A00BC5DF2 /* NoteWorker.swift in Sources */ = {isa = PBXBuildFile; fileRef = 190BEB24217F804A00BC5DF2 /* NoteWorker.swift */; };
		190BEB2C217F804A00BC5DF2 /* NoteModel.swift in Sources */ = {isa = PBXBuildFile; fileRef = 190BEB26217F804A00BC5DF2 /* NoteModel.swift */; };
		190BEB2D217F804A00BC5DF2 /* NoteViewController.swift in Sources */ = {isa = PBXBuildFile; fileRef = 190BEB27217F804A00BC5DF2 /* NoteViewController.swift */; };
		190BEB3B217F80CA00BC5DF2 /* NoteViewControllerTests.swift in Sources */ = {isa = PBXBuildFile; fileRef = 190BEB37217F80CA00BC5DF2 /* NoteViewControllerTests.swift */; };
		191EDCE4217F29530098640D /* AppDelegate.swift in Sources */ = {isa = PBXBuildFile; fileRef = 191EDCE3217F29530098640D /* AppDelegate.swift */; };
		191EDCE9217F29530098640D /* Main.storyboard in Resources */ = {isa = PBXBuildFile; fileRef = 191EDCE7217F29530098640D /* Main.storyboard */; };
		191EDCEB217F29540098640D /* Assets.xcassets in Resources */ = {isa = PBXBuildFile; fileRef = 191EDCEA217F29540098640D /* Assets.xcassets */; };
		191EDCEE217F29540098640D /* LaunchScreen.storyboard in Resources */ = {isa = PBXBuildFile; fileRef = 191EDCEC217F29540098640D /* LaunchScreen.storyboard */; };
		191EDCF9217F29540098640D /* RealmURL.swift in Sources */ = {isa = PBXBuildFile; fileRef = 191EDCF8217F29540098640D /* RealmURL.swift */; };
		191EDD06217F30BE0098640D /* AbstractRepository.swift in Sources */ = {isa = PBXBuildFile; fileRef = 191EDD05217F30BE0098640D /* AbstractRepository.swift */; };
		1944179B2187AF8B0067EC55 /* MainViewController.swift in Sources */ = {isa = PBXBuildFile; fileRef = 1944179A2187AF8B0067EC55 /* MainViewController.swift */; };
		1944179D2187AFE20067EC55 /* MainViewControllerTests.swift in Sources */ = {isa = PBXBuildFile; fileRef = 1944179C2187AFE20067EC55 /* MainViewControllerTests.swift */; };
		194ADF2E21834AB300A6B4A2 /* NoteWorkerTests.swift in Sources */ = {isa = PBXBuildFile; fileRef = 190BEB39217F80CA00BC5DF2 /* NoteWorkerTests.swift */; };
		19565A872181F700003B50BF /* RepositoryBaseTestCase.swift in Sources */ = {isa = PBXBuildFile; fileRef = 19565A862181F700003B50BF /* RepositoryBaseTestCase.swift */; };
		19C8E44E2187C2DF00CC506C /* RealmSwift.framework in Frameworks */ = {isa = PBXBuildFile; fileRef = 19C8E44C2187C2DF00CC506C /* RealmSwift.framework */; };
		19C8E44F2187C2DF00CC506C /* Realm.framework in Frameworks */ = {isa = PBXBuildFile; fileRef = 19C8E44D2187C2DF00CC506C /* Realm.framework */; };
		19C8E4522187C46800CC506C /* Realm.framework in Frameworks */ = {isa = PBXBuildFile; fileRef = 19C8E44D2187C2DF00CC506C /* Realm.framework */; };
		19C8E4532187C46800CC506C /* RealmSwift.framework in Frameworks */ = {isa = PBXBuildFile; fileRef = 19C8E44C2187C2DF00CC506C /* RealmSwift.framework */; };
		19C8E456218840E300CC506C /* UITextField+Extension.swift in Sources */ = {isa = PBXBuildFile; fileRef = 19C8E455218840E300CC506C /* UITextField+Extension.swift */; };
		19C8E4592188461400CC506C /* UITextFieldExtensionTests.swift in Sources */ = {isa = PBXBuildFile; fileRef = 19C8E457218845FB00CC506C /* UITextFieldExtensionTests.swift */; };
		19E93B042180D2DC0031A3AA /* NoteModeTests.swift in Sources */ = {isa = PBXBuildFile; fileRef = 19E93B032180D2DC0031A3AA /* NoteModeTests.swift */; };
		19EE9B6F21860E5600F5FA42 /* NoteInteractor.swift in Sources */ = {isa = PBXBuildFile; fileRef = 19EE9B6E21860E5600F5FA42 /* NoteInteractor.swift */; };
		19EE9B71218612B600F5FA42 /* NotePresenter.swift in Sources */ = {isa = PBXBuildFile; fileRef = 19EE9B70218612B600F5FA42 /* NotePresenter.swift */; };
		19EE9B7421861B4000F5FA42 /* NotePresenterTests.swift in Sources */ = {isa = PBXBuildFile; fileRef = 19EE9B7221861AF900F5FA42 /* NotePresenterTests.swift */; };
		19EE9B7D218626EE00F5FA42 /* NoteInteractorTests.swift in Sources */ = {isa = PBXBuildFile; fileRef = 19EE9B7C218626EE00F5FA42 /* NoteInteractorTests.swift */; };
/* End PBXBuildFile section */

/* Begin PBXContainerItemProxy section */
		191EDCF5217F29540098640D /* PBXContainerItemProxy */ = {
			isa = PBXContainerItemProxy;
			containerPortal = 191EDCD8217F29530098640D /* Project object */;
			proxyType = 1;
			remoteGlobalIDString = 191EDCDF217F29530098640D;
			remoteInfo = EasyList;
		};
/* End PBXContainerItemProxy section */

/* Begin PBXFileReference section */
		1906ED40218889E800B6426C /* NoteTableViewController.swift */ = {isa = PBXFileReference; lastKnownFileType = sourcecode.swift; path = NoteTableViewController.swift; sourceTree = "<group>"; };
		1906ED4221888A0F00B6426C /* NoteTableViewControllerTests.swift */ = {isa = PBXFileReference; lastKnownFileType = sourcecode.swift; path = NoteTableViewControllerTests.swift; sourceTree = "<group>"; };
		1906ED4421888D6B00B6426C /* NoteTableInteractor.swift */ = {isa = PBXFileReference; lastKnownFileType = sourcecode.swift; path = NoteTableInteractor.swift; sourceTree = "<group>"; };
		1906ED4621888D8300B6426C /* NoteTableInteractorTests.swift */ = {isa = PBXFileReference; lastKnownFileType = sourcecode.swift; path = NoteTableInteractorTests.swift; sourceTree = "<group>"; };
		1906ED482188A15C00B6426C /* NoteCellView.swift */ = {isa = PBXFileReference; lastKnownFileType = sourcecode.swift; path = NoteCellView.swift; sourceTree = "<group>"; };
		190BEB24217F804A00BC5DF2 /* NoteWorker.swift */ = {isa = PBXFileReference; lastKnownFileType = sourcecode.swift; path = NoteWorker.swift; sourceTree = "<group>"; };
		190BEB26217F804A00BC5DF2 /* NoteModel.swift */ = {isa = PBXFileReference; lastKnownFileType = sourcecode.swift; path = NoteModel.swift; sourceTree = "<group>"; };
		190BEB27217F804A00BC5DF2 /* NoteViewController.swift */ = {isa = PBXFileReference; lastKnownFileType = sourcecode.swift; path = NoteViewController.swift; sourceTree = "<group>"; };
		190BEB37217F80CA00BC5DF2 /* NoteViewControllerTests.swift */ = {isa = PBXFileReference; lastKnownFileType = sourcecode.swift; path = NoteViewControllerTests.swift; sourceTree = "<group>"; };
		190BEB39217F80CA00BC5DF2 /* NoteWorkerTests.swift */ = {isa = PBXFileReference; lastKnownFileType = sourcecode.swift; path = NoteWorkerTests.swift; sourceTree = "<group>"; wrapsLines = 1; };
		191EDCE0217F29530098640D /* EasyList.app */ = {isa = PBXFileReference; explicitFileType = wrapper.application; includeInIndex = 0; path = EasyList.app; sourceTree = BUILT_PRODUCTS_DIR; };
		191EDCE3217F29530098640D /* AppDelegate.swift */ = {isa = PBXFileReference; lastKnownFileType = sourcecode.swift; path = AppDelegate.swift; sourceTree = "<group>"; };
		191EDCE8217F29530098640D /* Base */ = {isa = PBXFileReference; lastKnownFileType = file.storyboard; name = Base; path = Base.lproj/Main.storyboard; sourceTree = "<group>"; };
		191EDCEA217F29540098640D /* Assets.xcassets */ = {isa = PBXFileReference; lastKnownFileType = folder.assetcatalog; path = Assets.xcassets; sourceTree = "<group>"; };
		191EDCED217F29540098640D /* Base */ = {isa = PBXFileReference; lastKnownFileType = file.storyboard; name = Base; path = Base.lproj/LaunchScreen.storyboard; sourceTree = "<group>"; };
		191EDCEF217F29540098640D /* Info.plist */ = {isa = PBXFileReference; lastKnownFileType = text.plist.xml; path = Info.plist; sourceTree = "<group>"; };
		191EDCF4217F29540098640D /* EasyListTests.xctest */ = {isa = PBXFileReference; explicitFileType = wrapper.cfbundle; includeInIndex = 0; path = EasyListTests.xctest; sourceTree = BUILT_PRODUCTS_DIR; };
		191EDCF8217F29540098640D /* RealmURL.swift */ = {isa = PBXFileReference; lastKnownFileType = sourcecode.swift; path = RealmURL.swift; sourceTree = "<group>"; };
		191EDCFA217F29540098640D /* Info.plist */ = {isa = PBXFileReference; lastKnownFileType = text.plist.xml; path = Info.plist; sourceTree = "<group>"; };
		191EDD05217F30BE0098640D /* AbstractRepository.swift */ = {isa = PBXFileReference; lastKnownFileType = sourcecode.swift; path = AbstractRepository.swift; sourceTree = "<group>"; };
		1944179A2187AF8B0067EC55 /* MainViewController.swift */ = {isa = PBXFileReference; lastKnownFileType = sourcecode.swift; path = MainViewController.swift; sourceTree = "<group>"; };
		1944179C2187AFE20067EC55 /* MainViewControllerTests.swift */ = {isa = PBXFileReference; lastKnownFileType = sourcecode.swift; path = MainViewControllerTests.swift; sourceTree = "<group>"; };
		19565A862181F700003B50BF /* RepositoryBaseTestCase.swift */ = {isa = PBXFileReference; lastKnownFileType = sourcecode.swift; path = RepositoryBaseTestCase.swift; sourceTree = "<group>"; };
		19C8E44C2187C2DF00CC506C /* RealmSwift.framework */ = {isa = PBXFileReference; lastKnownFileType = wrapper.framework; name = RealmSwift.framework; path = Carthage/Build/iOS/RealmSwift.framework; sourceTree = "<group>"; };
		19C8E44D2187C2DF00CC506C /* Realm.framework */ = {isa = PBXFileReference; lastKnownFileType = wrapper.framework; name = Realm.framework; path = Carthage/Build/iOS/Realm.framework; sourceTree = "<group>"; };
		19C8E455218840E300CC506C /* UITextField+Extension.swift */ = {isa = PBXFileReference; lastKnownFileType = sourcecode.swift; path = "UITextField+Extension.swift"; sourceTree = "<group>"; };
		19C8E457218845FB00CC506C /* UITextFieldExtensionTests.swift */ = {isa = PBXFileReference; lastKnownFileType = sourcecode.swift; path = UITextFieldExtensionTests.swift; sourceTree = "<group>"; };
		19E93B032180D2DC0031A3AA /* NoteModeTests.swift */ = {isa = PBXFileReference; lastKnownFileType = sourcecode.swift; path = NoteModeTests.swift; sourceTree = "<group>"; };
		19EE9B6E21860E5600F5FA42 /* NoteInteractor.swift */ = {isa = PBXFileReference; lastKnownFileType = sourcecode.swift; path = NoteInteractor.swift; sourceTree = "<group>"; };
		19EE9B70218612B600F5FA42 /* NotePresenter.swift */ = {isa = PBXFileReference; lastKnownFileType = sourcecode.swift; path = NotePresenter.swift; sourceTree = "<group>"; };
		19EE9B7221861AF900F5FA42 /* NotePresenterTests.swift */ = {isa = PBXFileReference; lastKnownFileType = sourcecode.swift; path = NotePresenterTests.swift; sourceTree = "<group>"; };
		19EE9B7C218626EE00F5FA42 /* NoteInteractorTests.swift */ = {isa = PBXFileReference; lastKnownFileType = sourcecode.swift; path = NoteInteractorTests.swift; sourceTree = "<group>"; };
/* End PBXFileReference section */

/* Begin PBXFrameworksBuildPhase section */
		191EDCF1217F29540098640D /* Frameworks */ = {
			isa = PBXFrameworksBuildPhase;
			buildActionMask = 2147483647;
			files = (
				19C8E4522187C46800CC506C /* Realm.framework in Frameworks */,
				19C8E4532187C46800CC506C /* RealmSwift.framework in Frameworks */,
			);
			runOnlyForDeploymentPostprocessing = 0;
		};
		19C8E4442187BBA800CC506C /* Frameworks */ = {
			isa = PBXFrameworksBuildPhase;
			buildActionMask = 2147483647;
			files = (
				19C8E44E2187C2DF00CC506C /* RealmSwift.framework in Frameworks */,
				19C8E44F2187C2DF00CC506C /* Realm.framework in Frameworks */,
			);
			runOnlyForDeploymentPostprocessing = 0;
		};
/* End PBXFrameworksBuildPhase section */

/* Begin PBXGroup section */
		1906ED3F2188897100B6426C /* noteTableUseCase */ = {
			isa = PBXGroup;
			children = (
				1906ED40218889E800B6426C /* NoteTableViewController.swift */,
				1906ED4221888A0F00B6426C /* NoteTableViewControllerTests.swift */,
				1906ED4421888D6B00B6426C /* NoteTableInteractor.swift */,
				1906ED4621888D8300B6426C /* NoteTableInteractorTests.swift */,
				1906ED482188A15C00B6426C /* NoteCellView.swift */,
			);
			path = noteTableUseCase;
			sourceTree = "<group>";
		};
		190BEB22217F7E7D00BC5DF2 /* noteCreateUseCase */ = {
			isa = PBXGroup;
			children = (
				190BEB24217F804A00BC5DF2 /* NoteWorker.swift */,
				190BEB39217F80CA00BC5DF2 /* NoteWorkerTests.swift */,
				190BEB26217F804A00BC5DF2 /* NoteModel.swift */,
				19E93B032180D2DC0031A3AA /* NoteModeTests.swift */,
				190BEB27217F804A00BC5DF2 /* NoteViewController.swift */,
				190BEB37217F80CA00BC5DF2 /* NoteViewControllerTests.swift */,
				19EE9B6E21860E5600F5FA42 /* NoteInteractor.swift */,
				19EE9B7C218626EE00F5FA42 /* NoteInteractorTests.swift */,
				19EE9B70218612B600F5FA42 /* NotePresenter.swift */,
				19EE9B7221861AF900F5FA42 /* NotePresenterTests.swift */,
			);
			path = noteCreateUseCase;
			sourceTree = "<group>";
		};
		191EDCD7217F29530098640D = {
			isa = PBXGroup;
			children = (
				191EDCE2217F29530098640D /* EasyList */,
				191EDCF7217F29540098640D /* EasyListTests */,
				191EDCE1217F29530098640D /* Products */,
				19C8E44B2187C2DF00CC506C /* Frameworks */,
			);
			sourceTree = "<group>";
		};
		191EDCE1217F29530098640D /* Products */ = {
			isa = PBXGroup;
			children = (
				191EDCE0217F29530098640D /* EasyList.app */,
				191EDCF4217F29540098640D /* EasyListTests.xctest */,
			);
			name = Products;
			sourceTree = "<group>";
		};
		191EDCE2217F29530098640D /* EasyList */ = {
			isa = PBXGroup;
			children = (
				191EDCEF217F29540098640D /* Info.plist */,
				1999E156217F49C30067962E /* UseCases */,
				1999E155217F499E0067962E /* Utilities */,
				1999E14F217F3CE10067962E /* Store */,
			);
			path = EasyList;
			sourceTree = "<group>";
		};
		191EDCF7217F29540098640D /* EasyListTests */ = {
			isa = PBXGroup;
			children = (
				191EDCFA217F29540098640D /* Info.plist */,
			);
			path = EasyListTests;
			sourceTree = "<group>";
		};
		1999E14F217F3CE10067962E /* Store */ = {
			isa = PBXGroup;
			children = (
				191EDD05217F30BE0098640D /* AbstractRepository.swift */,
				19565A862181F700003B50BF /* RepositoryBaseTestCase.swift */,
				191EDCF8217F29540098640D /* RealmURL.swift */,
			);
			path = Store;
			sourceTree = "<group>";
		};
		1999E155217F499E0067962E /* Utilities */ = {
			isa = PBXGroup;
			children = (
				19C8E4542188408300CC506C /* Views */,
				191EDCEA217F29540098640D /* Assets.xcassets */,
				191EDCEC217F29540098640D /* LaunchScreen.storyboard */,
				191EDCE3217F29530098640D /* AppDelegate.swift */,
			);
			path = Utilities;
			sourceTree = "<group>";
		};
		1999E156217F49C30067962E /* UseCases */ = {
			isa = PBXGroup;
			children = (
				191EDCE7217F29530098640D /* Main.storyboard */,
				1944179A2187AF8B0067EC55 /* MainViewController.swift */,
				1944179C2187AFE20067EC55 /* MainViewControllerTests.swift */,
				1906ED3F2188897100B6426C /* noteTableUseCase */,
				190BEB22217F7E7D00BC5DF2 /* noteCreateUseCase */,
			);
			path = UseCases;
			sourceTree = "<group>";
		};
		19C8E44B2187C2DF00CC506C /* Frameworks */ = {
			isa = PBXGroup;
			children = (
				19C8E44D2187C2DF00CC506C /* Realm.framework */,
				19C8E44C2187C2DF00CC506C /* RealmSwift.framework */,
			);
			name = Frameworks;
			sourceTree = "<group>";
		};
		19C8E4542188408300CC506C /* Views */ = {
			isa = PBXGroup;
			children = (
				19C8E455218840E300CC506C /* UITextField+Extension.swift */,
				19C8E457218845FB00CC506C /* UITextFieldExtensionTests.swift */,
			);
			path = Views;
			sourceTree = "<group>";
		};
/* End PBXGroup section */

/* Begin PBXNativeTarget section */
		191EDCDF217F29530098640D /* EasyList */ = {
			isa = PBXNativeTarget;
			buildConfigurationList = 191EDCFD217F29540098640D /* Build configuration list for PBXNativeTarget "EasyList" */;
			buildPhases = (
				191EDCDC217F29530098640D /* Sources */,
				191EDCDE217F29530098640D /* Resources */,
				19C8E4402187B94D00CC506C /* Copy Frameworks */,
				19C8E4442187BBA800CC506C /* Frameworks */,
			);
			buildRules = (
			);
			dependencies = (
			);
			name = EasyList;
			productName = EasyList;
			productReference = 191EDCE0217F29530098640D /* EasyList.app */;
			productType = "com.apple.product-type.application";
		};
		191EDCF3217F29540098640D /* EasyListTests */ = {
			isa = PBXNativeTarget;
			buildConfigurationList = 191EDD00217F29540098640D /* Build configuration list for PBXNativeTarget "EasyListTests" */;
			buildPhases = (
				191EDCF0217F29540098640D /* Sources */,
				191EDCF1217F29540098640D /* Frameworks */,
				191EDCF2217F29540098640D /* Resources */,
			);
			buildRules = (
			);
			dependencies = (
				191EDCF6217F29540098640D /* PBXTargetDependency */,
			);
			name = EasyListTests;
			productName = EasyListTests;
			productReference = 191EDCF4217F29540098640D /* EasyListTests.xctest */;
			productType = "com.apple.product-type.bundle.unit-test";
		};
/* End PBXNativeTarget section */

/* Begin PBXProject section */
		191EDCD8217F29530098640D /* Project object */ = {
			isa = PBXProject;
			attributes = {
				LastSwiftUpdateCheck = 1000;
				LastUpgradeCheck = 1000;
				ORGANIZATIONNAME = arisPanagiotopoulos;
				TargetAttributes = {
					191EDCDF217F29530098640D = {
						CreatedOnToolsVersion = 10.0;
					};
					191EDCF3217F29540098640D = {
						CreatedOnToolsVersion = 10.0;
						TestTargetID = 191EDCDF217F29530098640D;
					};
				};
			};
			buildConfigurationList = 191EDCDB217F29530098640D /* Build configuration list for PBXProject "EasyList" */;
			compatibilityVersion = "Xcode 9.3";
			developmentRegion = en;
			hasScannedForEncodings = 0;
			knownRegions = (
				en,
				Base,
			);
			mainGroup = 191EDCD7217F29530098640D;
			productRefGroup = 191EDCE1217F29530098640D /* Products */;
			projectDirPath = "";
			projectRoot = "";
			targets = (
				191EDCDF217F29530098640D /* EasyList */,
				191EDCF3217F29540098640D /* EasyListTests */,
			);
		};
/* End PBXProject section */

/* Begin PBXResourcesBuildPhase section */
		191EDCDE217F29530098640D /* Resources */ = {
			isa = PBXResourcesBuildPhase;
			buildActionMask = 2147483647;
			files = (
				191EDCEE217F29540098640D /* LaunchScreen.storyboard in Resources */,
				191EDCEB217F29540098640D /* Assets.xcassets in Resources */,
				191EDCE9217F29530098640D /* Main.storyboard in Resources */,
			);
			runOnlyForDeploymentPostprocessing = 0;
		};
		191EDCF2217F29540098640D /* Resources */ = {
			isa = PBXResourcesBuildPhase;
			buildActionMask = 2147483647;
			files = (
			);
			runOnlyForDeploymentPostprocessing = 0;
		};
/* End PBXResourcesBuildPhase section */

/* Begin PBXShellScriptBuildPhase section */
		19C8E4402187B94D00CC506C /* Copy Frameworks */ = {
			isa = PBXShellScriptBuildPhase;
			buildActionMask = 2147483647;
			files = (
			);
			inputFileListPaths = (
			);
			inputPaths = (
				"$(SRCROOT)/Carthage/Build/iOS/Realm.framework",
				"$(SRCROOT)/Carthage/Build/iOS/RealmSwift.framework",
			);
			name = "Copy Frameworks";
			outputFileListPaths = (
			);
			outputPaths = (
			);
			runOnlyForDeploymentPostprocessing = 0;
			shellPath = /bin/sh;
			shellScript = "/usr/local/bin/carthage copy-frameworks\n";
		};
/* End PBXShellScriptBuildPhase section */

/* Begin PBXSourcesBuildPhase section */
		191EDCDC217F29530098640D /* Sources */ = {
			isa = PBXSourcesBuildPhase;
			buildActionMask = 2147483647;
			files = (
				19EE9B6F21860E5600F5FA42 /* NoteInteractor.swift in Sources */,
				1906ED492188A15C00B6426C /* NoteCellView.swift in Sources */,
				190BEB2A217F804A00BC5DF2 /* NoteWorker.swift in Sources */,
				191EDD06217F30BE0098640D /* AbstractRepository.swift in Sources */,
				190BEB2C217F804A00BC5DF2 /* NoteModel.swift in Sources */,
				19C8E456218840E300CC506C /* UITextField+Extension.swift in Sources */,
				190BEB2D217F804A00BC5DF2 /* NoteViewController.swift in Sources */,
				19EE9B71218612B600F5FA42 /* NotePresenter.swift in Sources */,
				1906ED41218889E800B6426C /* NoteTableViewController.swift in Sources */,
				1944179B2187AF8B0067EC55 /* MainViewController.swift in Sources */,
				1906ED4521888D6B00B6426C /* NoteTableInteractor.swift in Sources */,
				191EDCE4217F29530098640D /* AppDelegate.swift in Sources */,
			);
			runOnlyForDeploymentPostprocessing = 0;
		};
		191EDCF0217F29540098640D /* Sources */ = {
			isa = PBXSourcesBuildPhase;
			buildActionMask = 2147483647;
			files = (
				19C8E4592188461400CC506C /* UITextFieldExtensionTests.swift in Sources */,
				190BEB3B217F80CA00BC5DF2 /* NoteViewControllerTests.swift in Sources */,
				19E93B042180D2DC0031A3AA /* NoteModeTests.swift in Sources */,
				1906ED4721888D8300B6426C /* NoteTableInteractorTests.swift in Sources */,
				194ADF2E21834AB300A6B4A2 /* NoteWorkerTests.swift in Sources */,
				19565A872181F700003B50BF /* RepositoryBaseTestCase.swift in Sources */,
				19EE9B7421861B4000F5FA42 /* NotePresenterTests.swift in Sources */,
				191EDCF9217F29540098640D /* RealmURL.swift in Sources */,
				19EE9B7D218626EE00F5FA42 /* NoteInteractorTests.swift in Sources */,
				1944179D2187AFE20067EC55 /* MainViewControllerTests.swift in Sources */,
				1906ED4321888A0F00B6426C /* NoteTableViewControllerTests.swift in Sources */,
			);
			runOnlyForDeploymentPostprocessing = 0;
		};
/* End PBXSourcesBuildPhase section */

/* Begin PBXTargetDependency section */
		191EDCF6217F29540098640D /* PBXTargetDependency */ = {
			isa = PBXTargetDependency;
			target = 191EDCDF217F29530098640D /* EasyList */;
			targetProxy = 191EDCF5217F29540098640D /* PBXContainerItemProxy */;
		};
/* End PBXTargetDependency section */

/* Begin PBXVariantGroup section */
		191EDCE7217F29530098640D /* Main.storyboard */ = {
			isa = PBXVariantGroup;
			children = (
				191EDCE8217F29530098640D /* Base */,
			);
			name = Main.storyboard;
			sourceTree = "<group>";
		};
		191EDCEC217F29540098640D /* LaunchScreen.storyboard */ = {
			isa = PBXVariantGroup;
			children = (
				191EDCED217F29540098640D /* Base */,
			);
			name = LaunchScreen.storyboard;
			sourceTree = "<group>";
		};
/* End PBXVariantGroup section */

/* Begin XCBuildConfiguration section */
		191EDCFB217F29540098640D /* Debug */ = {
			isa = XCBuildConfiguration;
			buildSettings = {
				ALWAYS_SEARCH_USER_PATHS = NO;
				CLANG_ANALYZER_NONNULL = YES;
				CLANG_ANALYZER_NUMBER_OBJECT_CONVERSION = YES_AGGRESSIVE;
				CLANG_CXX_LANGUAGE_STANDARD = "gnu++14";
				CLANG_CXX_LIBRARY = "libc++";
				CLANG_ENABLE_MODULES = YES;
				CLANG_ENABLE_OBJC_ARC = YES;
				CLANG_ENABLE_OBJC_WEAK = YES;
				CLANG_WARN_BLOCK_CAPTURE_AUTORELEASING = YES;
				CLANG_WARN_BOOL_CONVERSION = YES;
				CLANG_WARN_COMMA = YES;
				CLANG_WARN_CONSTANT_CONVERSION = YES;
				CLANG_WARN_DEPRECATED_OBJC_IMPLEMENTATIONS = YES;
				CLANG_WARN_DIRECT_OBJC_ISA_USAGE = YES_ERROR;
				CLANG_WARN_DOCUMENTATION_COMMENTS = YES;
				CLANG_WARN_EMPTY_BODY = YES;
				CLANG_WARN_ENUM_CONVERSION = YES;
				CLANG_WARN_INFINITE_RECURSION = YES;
				CLANG_WARN_INT_CONVERSION = YES;
				CLANG_WARN_NON_LITERAL_NULL_CONVERSION = YES;
				CLANG_WARN_OBJC_IMPLICIT_RETAIN_SELF = YES;
				CLANG_WARN_OBJC_LITERAL_CONVERSION = YES;
				CLANG_WARN_OBJC_ROOT_CLASS = YES_ERROR;
				CLANG_WARN_RANGE_LOOP_ANALYSIS = YES;
				CLANG_WARN_STRICT_PROTOTYPES = YES;
				CLANG_WARN_SUSPICIOUS_MOVE = YES;
				CLANG_WARN_UNGUARDED_AVAILABILITY = YES_AGGRESSIVE;
				CLANG_WARN_UNREACHABLE_CODE = YES;
				CLANG_WARN__DUPLICATE_METHOD_MATCH = YES;
				CODE_SIGN_IDENTITY = "iPhone Developer";
				COPY_PHASE_STRIP = NO;
				DEBUG_INFORMATION_FORMAT = dwarf;
				ENABLE_STRICT_OBJC_MSGSEND = YES;
				ENABLE_TESTABILITY = YES;
				GCC_C_LANGUAGE_STANDARD = gnu11;
				GCC_DYNAMIC_NO_PIC = NO;
				GCC_NO_COMMON_BLOCKS = YES;
				GCC_OPTIMIZATION_LEVEL = 0;
				GCC_PREPROCESSOR_DEFINITIONS = (
					"DEBUG=1",
					"$(inherited)",
				);
				GCC_WARN_64_TO_32_BIT_CONVERSION = YES;
				GCC_WARN_ABOUT_RETURN_TYPE = YES_ERROR;
				GCC_WARN_UNDECLARED_SELECTOR = YES;
				GCC_WARN_UNINITIALIZED_AUTOS = YES_AGGRESSIVE;
				GCC_WARN_UNUSED_FUNCTION = YES;
				GCC_WARN_UNUSED_VARIABLE = YES;
				IPHONEOS_DEPLOYMENT_TARGET = 12.0;
				MTL_ENABLE_DEBUG_INFO = INCLUDE_SOURCE;
				MTL_FAST_MATH = YES;
				ONLY_ACTIVE_ARCH = YES;
				SDKROOT = iphoneos;
				SWIFT_ACTIVE_COMPILATION_CONDITIONS = DEBUG;
				SWIFT_OPTIMIZATION_LEVEL = "-Onone";
			};
			name = Debug;
		};
		191EDCFC217F29540098640D /* Release */ = {
			isa = XCBuildConfiguration;
			buildSettings = {
				ALWAYS_SEARCH_USER_PATHS = NO;
				CLANG_ANALYZER_NONNULL = YES;
				CLANG_ANALYZER_NUMBER_OBJECT_CONVERSION = YES_AGGRESSIVE;
				CLANG_CXX_LANGUAGE_STANDARD = "gnu++14";
				CLANG_CXX_LIBRARY = "libc++";
				CLANG_ENABLE_MODULES = YES;
				CLANG_ENABLE_OBJC_ARC = YES;
				CLANG_ENABLE_OBJC_WEAK = YES;
				CLANG_WARN_BLOCK_CAPTURE_AUTORELEASING = YES;
				CLANG_WARN_BOOL_CONVERSION = YES;
				CLANG_WARN_COMMA = YES;
				CLANG_WARN_CONSTANT_CONVERSION = YES;
				CLANG_WARN_DEPRECATED_OBJC_IMPLEMENTATIONS = YES;
				CLANG_WARN_DIRECT_OBJC_ISA_USAGE = YES_ERROR;
				CLANG_WARN_DOCUMENTATION_COMMENTS = YES;
				CLANG_WARN_EMPTY_BODY = YES;
				CLANG_WARN_ENUM_CONVERSION = YES;
				CLANG_WARN_INFINITE_RECURSION = YES;
				CLANG_WARN_INT_CONVERSION = YES;
				CLANG_WARN_NON_LITERAL_NULL_CONVERSION = YES;
				CLANG_WARN_OBJC_IMPLICIT_RETAIN_SELF = YES;
				CLANG_WARN_OBJC_LITERAL_CONVERSION = YES;
				CLANG_WARN_OBJC_ROOT_CLASS = YES_ERROR;
				CLANG_WARN_RANGE_LOOP_ANALYSIS = YES;
				CLANG_WARN_STRICT_PROTOTYPES = YES;
				CLANG_WARN_SUSPICIOUS_MOVE = YES;
				CLANG_WARN_UNGUARDED_AVAILABILITY = YES_AGGRESSIVE;
				CLANG_WARN_UNREACHABLE_CODE = YES;
				CLANG_WARN__DUPLICATE_METHOD_MATCH = YES;
				CODE_SIGN_IDENTITY = "iPhone Developer";
				COPY_PHASE_STRIP = NO;
				DEBUG_INFORMATION_FORMAT = "dwarf-with-dsym";
				ENABLE_NS_ASSERTIONS = NO;
				ENABLE_STRICT_OBJC_MSGSEND = YES;
				GCC_C_LANGUAGE_STANDARD = gnu11;
				GCC_NO_COMMON_BLOCKS = YES;
				GCC_WARN_64_TO_32_BIT_CONVERSION = YES;
				GCC_WARN_ABOUT_RETURN_TYPE = YES_ERROR;
				GCC_WARN_UNDECLARED_SELECTOR = YES;
				GCC_WARN_UNINITIALIZED_AUTOS = YES_AGGRESSIVE;
				GCC_WARN_UNUSED_FUNCTION = YES;
				GCC_WARN_UNUSED_VARIABLE = YES;
				IPHONEOS_DEPLOYMENT_TARGET = 12.0;
				MTL_ENABLE_DEBUG_INFO = NO;
				MTL_FAST_MATH = YES;
				SDKROOT = iphoneos;
				SWIFT_COMPILATION_MODE = wholemodule;
				SWIFT_OPTIMIZATION_LEVEL = "-O";
				VALIDATE_PRODUCT = YES;
			};
			name = Release;
		};
		191EDCFE217F29540098640D /* Debug */ = {
			isa = XCBuildConfiguration;
			buildSettings = {
				ASSETCATALOG_COMPILER_APPICON_NAME = AppIcon;
				CLANG_USE_OPTIMIZATION_PROFILE = YES;
				CODE_SIGN_IDENTITY = "iPhone Developer";
				CODE_SIGN_STYLE = Automatic;
				DEVELOPMENT_TEAM = AZXQE7588Y;
				FRAMEWORK_SEARCH_PATHS = (
					"$(inherited)",
					"$(PROJECT_DIR)/Carthage/Build/iOS",
				);
				INFOPLIST_FILE = EasyList/Info.plist;
				IPHONEOS_DEPLOYMENT_TARGET = 12.0;
				LD_RUNPATH_SEARCH_PATHS = (
					"$(inherited)",
					"@executable_path/Frameworks",
				);
				PRODUCT_BUNDLE_IDENTIFIER = aris.panagiotopoulos;
				PRODUCT_NAME = "$(TARGET_NAME)";
				PROVISIONING_PROFILE_SPECIFIER = "";
				SWIFT_VERSION = 4.2;
				TARGETED_DEVICE_FAMILY = "1,2";
			};
			name = Debug;
		};
		191EDCFF217F29540098640D /* Release */ = {
			isa = XCBuildConfiguration;
			buildSettings = {
				ASSETCATALOG_COMPILER_APPICON_NAME = AppIcon;
				CLANG_USE_OPTIMIZATION_PROFILE = YES;
				CODE_SIGN_IDENTITY = "iPhone Developer";
				CODE_SIGN_STYLE = Automatic;
				DEVELOPMENT_TEAM = AZXQE7588Y;
				FRAMEWORK_SEARCH_PATHS = (
					"$(inherited)",
					"$(PROJECT_DIR)/Carthage/Build/iOS",
				);
				INFOPLIST_FILE = EasyList/Info.plist;
				IPHONEOS_DEPLOYMENT_TARGET = 12.0;
				LD_RUNPATH_SEARCH_PATHS = (
					"$(inherited)",
					"@executable_path/Frameworks",
				);
				PRODUCT_BUNDLE_IDENTIFIER = aris.panagiotopoulos;
				PRODUCT_NAME = "$(TARGET_NAME)";
				PROVISIONING_PROFILE_SPECIFIER = "";
				SWIFT_VERSION = 4.2;
				TARGETED_DEVICE_FAMILY = "1,2";
			};
			name = Release;
		};
		191EDD01217F29540098640D /* Debug */ = {
			isa = XCBuildConfiguration;
			buildSettings = {
				ALWAYS_EMBED_SWIFT_STANDARD_LIBRARIES = "$(inherited)";
				BUNDLE_LOADER = "$(TEST_HOST)";
				CODE_SIGN_STYLE = Automatic;
				DEVELOPMENT_TEAM = AZXQE7588Y;
				FRAMEWORK_SEARCH_PATHS = (
					"$(inherited)",
					"$(PROJECT_DIR)/Carthage/Build/iOS",
				);
				INFOPLIST_FILE = EasyListTests/Info.plist;
				LD_RUNPATH_SEARCH_PATHS = (
					"$(inherited)",
					"@executable_path/Frameworks",
					"@loader_path/Frameworks",
				);
				PRODUCT_BUNDLE_IDENTIFIER = aris.panagiotopoulos.EasyListTests;
				PRODUCT_NAME = "$(TARGET_NAME)";
				SWIFT_VERSION = 4.2;
				TARGETED_DEVICE_FAMILY = "1,2";
				TEST_HOST = "$(BUILT_PRODUCTS_DIR)/EasyList.app/EasyList";
			};
			name = Debug;
		};
		191EDD02217F29540098640D /* Release */ = {
			isa = XCBuildConfiguration;
			buildSettings = {
				ALWAYS_EMBED_SWIFT_STANDARD_LIBRARIES = "$(inherited)";
				BUNDLE_LOADER = "$(TEST_HOST)";
				CODE_SIGN_STYLE = Automatic;
				DEVELOPMENT_TEAM = AZXQE7588Y;
				FRAMEWORK_SEARCH_PATHS = (
					"$(inherited)",
					"$(PROJECT_DIR)/Carthage/Build/iOS",
				);
				INFOPLIST_FILE = EasyListTests/Info.plist;
				LD_RUNPATH_SEARCH_PATHS = (
					"$(inherited)",
					"@executable_path/Frameworks",
					"@loader_path/Frameworks",
				);
				PRODUCT_BUNDLE_IDENTIFIER = aris.panagiotopoulos.EasyListTests;
				PRODUCT_NAME = "$(TARGET_NAME)";
				SWIFT_VERSION = 4.2;
				TARGETED_DEVICE_FAMILY = "1,2";
				TEST_HOST = "$(BUILT_PRODUCTS_DIR)/EasyList.app/EasyList";
			};
			name = Release;
		};
/* End XCBuildConfiguration section */

/* Begin XCConfigurationList section */
		191EDCDB217F29530098640D /* Build configuration list for PBXProject "EasyList" */ = {
			isa = XCConfigurationList;
			buildConfigurations = (
				191EDCFB217F29540098640D /* Debug */,
				191EDCFC217F29540098640D /* Release */,
			);
			defaultConfigurationIsVisible = 0;
			defaultConfigurationName = Release;
		};
		191EDCFD217F29540098640D /* Build configuration list for PBXNativeTarget "EasyList" */ = {
			isa = XCConfigurationList;
			buildConfigurations = (
				191EDCFE217F29540098640D /* Debug */,
				191EDCFF217F29540098640D /* Release */,
			);
			defaultConfigurationIsVisible = 0;
			defaultConfigurationName = Release;
		};
		191EDD00217F29540098640D /* Build configuration list for PBXNativeTarget "EasyListTests" */ = {
			isa = XCConfigurationList;
			buildConfigurations = (
				191EDD01217F29540098640D /* Debug */,
				191EDD02217F29540098640D /* Release */,
			);
			defaultConfigurationIsVisible = 0;
			defaultConfigurationName = Release;
		};
/* End XCConfigurationList section */
	};
	rootObject = 191EDCD8217F29530098640D /* Project object */;
}
